
Microsoft Visual Studio Solution File, Format Version 12.00
# Visual Studio Version 17
VisualStudioVersion = 17.2.32519.379
MinimumVisualStudioVersion = 10.0.40219.1
Project("{FAE04EC0-301F-11D3-BF4B-00C04F79EFBC}") = "PixelfansDashboard", "PixelfansDashboard\PixelfansDashboard.csproj", "{56EA70B5-A6C6-49E0-A81E-D776DFE14DA8}"
EndProject
Global
	GlobalSection(SolutionConfigurationPlatforms) = preSolution
		Debug|Any CPU = Debug|Any CPU
		Release|Any CPU = Release|Any CPU
	EndGlobalSection
	GlobalSection(ProjectConfigurationPlatforms) = postSolution
		{56EA70B5-A6C6-49E0-A81E-D776DFE14DA8}.Debug|Any CPU.ActiveCfg = Debug|Any CPU
		{56EA70B5-A6C6-49E0-A81E-D776DFE14DA8}.Debug|Any CPU.Build.0 = Debug|Any CPU
		{56EA70B5-A6C6-49E0-A81E-D776DFE14DA8}.Release|Any CPU.ActiveCfg = Release|Any CPU
		{56EA70B5-A6C6-49E0-A81E-D776DFE14DA8}.Release|Any CPU.Build.0 = Release|Any CPU
	EndGlobalSection
	GlobalSection(SolutionProperties) = preSolution
		HideSolutionNode = FALSE
	EndGlobalSection
	GlobalSection(ExtensibilityGlobals) = postSolution
		SolutionGuid = {7079B37E-F50A-442E-B625-CC8031A241B4}
	EndGlobalSection
EndGlobal
